{
  "name": "uhf-reader",
  "version": "0.0.1",
  "lockfileVersion": 3,
  "requires": true,
  "packages": {
    "": {
      "name": "uhf-reader",
      "version": "0.0.1",
      "license": "ISC",
      "dependencies": {
        "@types/w3c-web-serial": "^1.0.6"
      },
      "devDependencies": {
        "typescript": "^5.6.3"
      }
    },
    "node_modules/@types/w3c-web-serial": {
      "version": "1.0.6",
      "resolved": "https://registry.npmjs.org/@types/w3c-web-serial/-/w3c-web-serial-1.0.6.tgz",
      "integrity": "sha512-5IlDdQ2C56sCVwc7CUlqT9Axxw+0V/FbWRbErklYIzZ5mKL9s4l7epXHygn+4X7L2nmAPnVvRl55XUVo0760Rg=="
    },
    "node_modules/typescript": {
      "version": "5.6.3",
      "resolved": "https://registry.npmjs.org/typescript/-/typescript-5.6.3.tgz",
      "integrity": "sha512-hjcS1mhfuyi4WW8IWtjP7brDrG2cuDZukyrYrSauoXGNgx0S7zceP07adYkJycEr56BOUTNPzbInooiN3fn1qw==",
      "dev": true,
      "bin": {
        "tsc": "bin/tsc",
        "tsserver": "bin/tsserver"
      },
      "engines": {
        "node": ">=14.17"
      }
    }
  }
}
